// !$*UTF8*$!
{
	archiveVersion = 1;
	classes = {
	};
	objectVersion = 48;
	objects = {

/* Begin PBXBuildFile section */
		BF548FD61FBAC3B7000E2151 /* main.m in Sources */ = {isa = PBXBuildFile; fileRef = BF548FD51FBAC3B7000E2151 /* main.m */; };
		BF548FFF1FBAEB17000E2151 /* ClutchPrint.m in Sources */ = {isa = PBXBuildFile; fileRef = BF548FFE1FBAEB17000E2151 /* ClutchPrint.m */; };
		BF5490011FBB10DC000E2151 /* Info.plist in Resources */ = {isa = PBXBuildFile; fileRef = BF5490001FBB10DC000E2151 /* Info.plist */; };
		BF9F37641FBBE179008E9FC6 /* Foundation.framework in Frameworks */ = {isa = PBXBuildFile; fileRef = BF9F37631FBBE16E008E9FC6 /* Foundation.framework */; };
		BF9F37691FBC2493008E9FC6 /* ClutchCommands.m in Sources */ = {isa = PBXBuildFile; fileRef = BF9F37681FBC2493008E9FC6 /* ClutchCommands.m */; };
		BF9F376C1FBC2657008E9FC6 /* ClutchCommand.m in Sources */ = {isa = PBXBuildFile; fileRef = BF9F376B1FBC2657008E9FC6 /* ClutchCommand.m */; };
		BF9F37701FBC69F9008E9FC6 /* ClutchApplicationsManager.m in Sources */ = {isa = PBXBuildFile; fileRef = BF9F376F1FBC69F9008E9FC6 /* ClutchApplicationsManager.m */; };
		BFDD0ACD1FBD4F5400183135 /* MobileCoreServices.framework in Frameworks */ = {isa = PBXBuildFile; fileRef = BFDD0ACC1FBD4F3B00183135 /* MobileCoreServices.framework */; };
		BFDD0AD11FBD5E4D00183135 /* ClutchBundle.m in Sources */ = {isa = PBXBuildFile; fileRef = BFDD0AD01FBD5E4D00183135 /* ClutchBundle.m */; };
		BFDD0AD41FBD5F9900183135 /* ClutchApplication.m in Sources */ = {isa = PBXBuildFile; fileRef = BFDD0AD31FBD5F9900183135 /* ClutchApplication.m */; };
		BFDD0ADC1FBE8BB700183135 /* ClutchBinary.m in Sources */ = {isa = PBXBuildFile; fileRef = BFDD0ADB1FBE8BB700183135 /* ClutchBinary.m */; };
		BFDD0AE01FBEB71500183135 /* ClutchBundleDumpOperation.m in Sources */ = {isa = PBXBuildFile; fileRef = BFDD0ADF1FBEB71500183135 /* ClutchBundleDumpOperation.m */; };
		BFDD0AE71FBEBE8800183135 /* NSData+Reading.m in Sources */ = {isa = PBXBuildFile; fileRef = BFDD0AE61FBEBE8800183135 /* NSData+Reading.m */; };
		BFDD0AED1FBECD2200183135 /* optool-headers.m in Sources */ = {isa = PBXBuildFile; fileRef = BFDD0AEC1FBECD2200183135 /* optool-headers.m */; };
		BFDD0AF01FBED35200183135 /* NSFileHandle+Private.m in Sources */ = {isa = PBXBuildFile; fileRef = BFDD0AEF1FBED35200183135 /* NSFileHandle+Private.m */; };
		BFDD0AF31FBEE0D300183135 /* ClutchZipOperation.m in Sources */ = {isa = PBXBuildFile; fileRef = BFDD0AF21FBEE0D300183135 /* ClutchZipOperation.m */; };
		BFDD0AF61FBEE3CF00183135 /* ClutchFinalizeDumpOperation.m in Sources */ = {isa = PBXBuildFile; fileRef = BFDD0AF51FBEE3CF00183135 /* ClutchFinalizeDumpOperation.m */; };
/* End PBXBuildFile section */

/* Begin PBXFileReference section */
		BF548FC31FBAC3B7000E2151 /* Clutch-SL.app */ = {isa = PBXFileReference; explicitFileType = wrapper.application; includeInIndex = 0; path = "Clutch-SL.app"; sourceTree = BUILT_PRODUCTS_DIR; };
		BF548FD51FBAC3B7000E2151 /* main.m */ = {isa = PBXFileReference; lastKnownFileType = sourcecode.c.objc; path = main.m; sourceTree = "<group>"; };
		BF548FFB1FBAC4BB000E2151 /* Clutch-SL.entitlements */ = {isa = PBXFileReference; lastKnownFileType = text.plist.entitlements; path = "Clutch-SL.entitlements"; sourceTree = "<group>"; };
		BF548FFD1FBAEB17000E2151 /* ClutchPrint.h */ = {isa = PBXFileReference; lastKnownFileType = sourcecode.c.h; path = ClutchPrint.h; sourceTree = "<group>"; };
		BF548FFE1FBAEB17000E2151 /* ClutchPrint.m */ = {isa = PBXFileReference; lastKnownFileType = sourcecode.c.objc; path = ClutchPrint.m; sourceTree = "<group>"; };
		BF5490001FBB10DC000E2151 /* Info.plist */ = {isa = PBXFileReference; fileEncoding = 4; lastKnownFileType = text.plist.xml; path = Info.plist; sourceTree = "<group>"; };
		BF5490031FBB165C000E2151 /* Move-And-Sign.sh */ = {isa = PBXFileReference; lastKnownFileType = text.script.sh; path = "Move-And-Sign.sh"; sourceTree = "<group>"; };
		BF9F37631FBBE16E008E9FC6 /* Foundation.framework */ = {isa = PBXFileReference; lastKnownFileType = wrapper.framework; name = Foundation.framework; path = System/Library/Frameworks/Foundation.framework; sourceTree = SDKROOT; };
		BF9F37651FBC1DEE008E9FC6 /* Clutch-SL.pch */ = {isa = PBXFileReference; lastKnownFileType = sourcecode.c.h; path = "Clutch-SL.pch"; sourceTree = "<group>"; };
		BF9F37671FBC2493008E9FC6 /* ClutchCommands.h */ = {isa = PBXFileReference; lastKnownFileType = sourcecode.c.h; path = ClutchCommands.h; sourceTree = "<group>"; };
		BF9F37681FBC2493008E9FC6 /* ClutchCommands.m */ = {isa = PBXFileReference; lastKnownFileType = sourcecode.c.objc; path = ClutchCommands.m; sourceTree = "<group>"; };
		BF9F376A1FBC2657008E9FC6 /* ClutchCommand.h */ = {isa = PBXFileReference; lastKnownFileType = sourcecode.c.h; path = ClutchCommand.h; sourceTree = "<group>"; };
		BF9F376B1FBC2657008E9FC6 /* ClutchCommand.m */ = {isa = PBXFileReference; lastKnownFileType = sourcecode.c.objc; path = ClutchCommand.m; sourceTree = "<group>"; };
		BF9F376E1FBC69F9008E9FC6 /* ClutchApplicationsManager.h */ = {isa = PBXFileReference; lastKnownFileType = sourcecode.c.h; path = ClutchApplicationsManager.h; sourceTree = "<group>"; };
		BF9F376F1FBC69F9008E9FC6 /* ClutchApplicationsManager.m */ = {isa = PBXFileReference; lastKnownFileType = sourcecode.c.objc; path = ClutchApplicationsManager.m; sourceTree = "<group>"; };
		BFDD0ACA1FBD3D6000183135 /* LSApplicationWorkspace.h */ = {isa = PBXFileReference; fileEncoding = 4; lastKnownFileType = sourcecode.c.h; path = LSApplicationWorkspace.h; sourceTree = "<group>"; };
		BFDD0ACB1FBD3D6A00183135 /* LSApplicationProxy.h */ = {isa = PBXFileReference; fileEncoding = 4; lastKnownFileType = sourcecode.c.h; path = LSApplicationProxy.h; sourceTree = "<group>"; };
		BFDD0ACC1FBD4F3B00183135 /* MobileCoreServices.framework */ = {isa = PBXFileReference; lastKnownFileType = wrapper.framework; name = MobileCoreServices.framework; path = System/Library/Frameworks/MobileCoreServices.framework; sourceTree = SDKROOT; };
		BFDD0ACF1FBD5E4D00183135 /* ClutchBundle.h */ = {isa = PBXFileReference; lastKnownFileType = sourcecode.c.h; path = ClutchBundle.h; sourceTree = "<group>"; };
		BFDD0AD01FBD5E4D00183135 /* ClutchBundle.m */ = {isa = PBXFileReference; lastKnownFileType = sourcecode.c.objc; path = ClutchBundle.m; sourceTree = "<group>"; };
		BFDD0AD21FBD5F9900183135 /* ClutchApplication.h */ = {isa = PBXFileReference; lastKnownFileType = sourcecode.c.h; path = ClutchApplication.h; sourceTree = "<group>"; };
		BFDD0AD31FBD5F9900183135 /* ClutchApplication.m */ = {isa = PBXFileReference; lastKnownFileType = sourcecode.c.objc; path = ClutchApplication.m; sourceTree = "<group>"; };
		BFDD0ADA1FBE8BB700183135 /* ClutchBinary.h */ = {isa = PBXFileReference; lastKnownFileType = sourcecode.c.h; path = ClutchBinary.h; sourceTree = "<group>"; };
		BFDD0ADB1FBE8BB700183135 /* ClutchBinary.m */ = {isa = PBXFileReference; lastKnownFileType = sourcecode.c.objc; path = ClutchBinary.m; sourceTree = "<group>"; };
		BFDD0ADE1FBEB71500183135 /* ClutchBundleDumpOperation.h */ = {isa = PBXFileReference; lastKnownFileType = sourcecode.c.h; path = ClutchBundleDumpOperation.h; sourceTree = "<group>"; };
		BFDD0ADF1FBEB71500183135 /* ClutchBundleDumpOperation.m */ = {isa = PBXFileReference; lastKnownFileType = sourcecode.c.objc; path = ClutchBundleDumpOperation.m; sourceTree = "<group>"; };
		BFDD0AE51FBEBE8800183135 /* NSData+Reading.h */ = {isa = PBXFileReference; lastKnownFileType = sourcecode.c.h; path = "NSData+Reading.h"; sourceTree = "<group>"; };
		BFDD0AE61FBEBE8800183135 /* NSData+Reading.m */ = {isa = PBXFileReference; lastKnownFileType = sourcecode.c.objc; path = "NSData+Reading.m"; sourceTree = "<group>"; };
		BFDD0AE81FBEC6B100183135 /* optool-defines.h */ = {isa = PBXFileReference; fileEncoding = 4; lastKnownFileType = sourcecode.c.h; path = "optool-defines.h"; sourceTree = "<group>"; };
		BFDD0AE91FBEC8B300183135 /* optool.h */ = {isa = PBXFileReference; fileEncoding = 4; lastKnownFileType = sourcecode.c.h; path = optool.h; sourceTree = "<group>"; };
		BFDD0AEA1FBEC92900183135 /* optool-headers.h */ = {isa = PBXFileReference; fileEncoding = 4; lastKnownFileType = sourcecode.c.h; path = "optool-headers.h"; sourceTree = "<group>"; };
		BFDD0AEB1FBEC93B00183135 /* optool-operations.h */ = {isa = PBXFileReference; fileEncoding = 4; lastKnownFileType = sourcecode.c.h; path = "optool-operations.h"; sourceTree = "<group>"; };
		BFDD0AEC1FBECD2200183135 /* optool-headers.m */ = {isa = PBXFileReference; fileEncoding = 4; lastKnownFileType = sourcecode.c.objc; path = "optool-headers.m"; sourceTree = "<group>"; };
		BFDD0AEE1FBED35200183135 /* NSFileHandle+Private.h */ = {isa = PBXFileReference; lastKnownFileType = sourcecode.c.h; path = "NSFileHandle+Private.h"; sourceTree = "<group>"; };
		BFDD0AEF1FBED35200183135 /* NSFileHandle+Private.m */ = {isa = PBXFileReference; lastKnownFileType = sourcecode.c.objc; path = "NSFileHandle+Private.m"; sourceTree = "<group>"; };
		BFDD0AF11FBEE0D300183135 /* ClutchZipOperation.h */ = {isa = PBXFileReference; lastKnownFileType = sourcecode.c.h; path = ClutchZipOperation.h; sourceTree = "<group>"; };
		BFDD0AF21FBEE0D300183135 /* ClutchZipOperation.m */ = {isa = PBXFileReference; lastKnownFileType = sourcecode.c.objc; path = ClutchZipOperation.m; sourceTree = "<group>"; };
		BFDD0AF41FBEE3CF00183135 /* ClutchFinalizeDumpOperation.h */ = {isa = PBXFileReference; lastKnownFileType = sourcecode.c.h; path = ClutchFinalizeDumpOperation.h; sourceTree = "<group>"; };
		BFDD0AF51FBEE3CF00183135 /* ClutchFinalizeDumpOperation.m */ = {isa = PBXFileReference; lastKnownFileType = sourcecode.c.objc; path = ClutchFinalizeDumpOperation.m; sourceTree = "<group>"; };
/* End PBXFileReference section */

/* Begin PBXFrameworksBuildPhase section */
		BF548FC01FBAC3B7000E2151 /* Frameworks */ = {
			isa = PBXFrameworksBuildPhase;
			buildActionMask = 2147483647;
			files = (
				BFDD0ACD1FBD4F5400183135 /* MobileCoreServices.framework in Frameworks */,
				BF9F37641FBBE179008E9FC6 /* Foundation.framework in Frameworks */,
			);
			runOnlyForDeploymentPostprocessing = 0;
		};
/* End PBXFrameworksBuildPhase section */

/* Begin PBXGroup section */
		BF548FBA1FBAC3B7000E2151 = {
			isa = PBXGroup;
			children = (
				BFDD0AE11FBEBDAD00183135 /* ClutchOptool-SL */,
				BFDD0ADD1FBEB6E600183135 /* ClutchOptions-SL */,
				BFDD0AC91FBD3D2900183135 /* iOSPrivateAPI-SL */,
				BF9F376D1FBC69B0008E9FC6 /* ClutchApplicationList-SL */,
				BF9F37661FBC2466008E9FC6 /* ClutchCommands-SL */,
				BF5490021FBB160A000E2151 /* Scripts-SL */,
				BF548FFC1FBAEAD3000E2151 /* ClutchPrint-SL */,
				BF548FC51FBAC3B7000E2151 /* Clutch-SL */,
				BF548FC41FBAC3B7000E2151 /* Products */,
				BF548FF81FBAC4BB000E2151 /* Frameworks */,
			);
			sourceTree = "<group>";
		};
		BF548FC41FBAC3B7000E2151 /* Products */ = {
			isa = PBXGroup;
			children = (
				BF548FC31FBAC3B7000E2151 /* Clutch-SL.app */,
			);
			name = Products;
			sourceTree = "<group>";
		};
		BF548FC51FBAC3B7000E2151 /* Clutch-SL */ = {
			isa = PBXGroup;
			children = (
				BF5490001FBB10DC000E2151 /* Info.plist */,
				BF548FFB1FBAC4BB000E2151 /* Clutch-SL.entitlements */,
				BF548FD51FBAC3B7000E2151 /* main.m */,
				BF9F37651FBC1DEE008E9FC6 /* Clutch-SL.pch */,
			);
			path = "Clutch-SL";
			sourceTree = "<group>";
		};
		BF548FF81FBAC4BB000E2151 /* Frameworks */ = {
			isa = PBXGroup;
			children = (
				BFDD0ACC1FBD4F3B00183135 /* MobileCoreServices.framework */,
				BF9F37631FBBE16E008E9FC6 /* Foundation.framework */,
			);
			name = Frameworks;
			sourceTree = "<group>";
		};
		BF548FFC1FBAEAD3000E2151 /* ClutchPrint-SL */ = {
			isa = PBXGroup;
			children = (
				BF548FFD1FBAEB17000E2151 /* ClutchPrint.h */,
				BF548FFE1FBAEB17000E2151 /* ClutchPrint.m */,
			);
			path = "ClutchPrint-SL";
			sourceTree = "<group>";
		};
		BF5490021FBB160A000E2151 /* Scripts-SL */ = {
			isa = PBXGroup;
			children = (
				BF5490031FBB165C000E2151 /* Move-And-Sign.sh */,
			);
			path = "Scripts-SL";
			sourceTree = "<group>";
		};
		BF9F37661FBC2466008E9FC6 /* ClutchCommands-SL */ = {
			isa = PBXGroup;
			children = (
				BF9F376A1FBC2657008E9FC6 /* ClutchCommand.h */,
				BF9F376B1FBC2657008E9FC6 /* ClutchCommand.m */,
				BF9F37671FBC2493008E9FC6 /* ClutchCommands.h */,
				BF9F37681FBC2493008E9FC6 /* ClutchCommands.m */,
			);
			path = "ClutchCommands-SL";
			sourceTree = "<group>";
		};
		BF9F376D1FBC69B0008E9FC6 /* ClutchApplicationList-SL */ = {
			isa = PBXGroup;
			children = (
				BFDD0ACE1FBD5E2100183135 /* ClutchBundle-SL */,
				BFDD0AD21FBD5F9900183135 /* ClutchApplication.h */,
				BFDD0AD31FBD5F9900183135 /* ClutchApplication.m */,
				BF9F376E1FBC69F9008E9FC6 /* ClutchApplicationsManager.h */,
				BF9F376F1FBC69F9008E9FC6 /* ClutchApplicationsManager.m */,
			);
			path = "ClutchApplicationList-SL";
			sourceTree = "<group>";
		};
		BFDD0AC91FBD3D2900183135 /* iOSPrivateAPI-SL */ = {
			isa = PBXGroup;
			children = (
				BFDD0ACB1FBD3D6A00183135 /* LSApplicationProxy.h */,
				BFDD0ACA1FBD3D6000183135 /* LSApplicationWorkspace.h */,
			);
			path = "iOSPrivateAPI-SL";
			sourceTree = "<group>";
		};
		BFDD0ACE1FBD5E2100183135 /* ClutchBundle-SL */ = {
			isa = PBXGroup;
			children = (
				BFDD0ACF1FBD5E4D00183135 /* ClutchBundle.h */,
				BFDD0AD01FBD5E4D00183135 /* ClutchBundle.m */,
				BFDD0ADA1FBE8BB700183135 /* ClutchBinary.h */,
				BFDD0ADB1FBE8BB700183135 /* ClutchBinary.m */,
				BFDD0AEE1FBED35200183135 /* NSFileHandle+Private.h */,
				BFDD0AEF1FBED35200183135 /* NSFileHandle+Private.m */,
			);
			path = "ClutchBundle-SL";
			sourceTree = "<group>";
		};
		BFDD0ADD1FBEB6E600183135 /* ClutchOptions-SL */ = {
			isa = PBXGroup;
			children = (
				BFDD0ADE1FBEB71500183135 /* ClutchBundleDumpOperation.h */,
				BFDD0ADF1FBEB71500183135 /* ClutchBundleDumpOperation.m */,
				BFDD0AF11FBEE0D300183135 /* ClutchZipOperation.h */,
				BFDD0AF21FBEE0D300183135 /* ClutchZipOperation.m */,
				BFDD0AF41FBEE3CF00183135 /* ClutchFinalizeDumpOperation.h */,
				BFDD0AF51FBEE3CF00183135 /* ClutchFinalizeDumpOperation.m */,
			);
			path = "ClutchOptions-SL";
			sourceTree = "<group>";
		};
		BFDD0AE11FBEBDAD00183135 /* ClutchOptool-SL */ = {
			isa = PBXGroup;
			children = (
				BFDD0AE91FBEC8B300183135 /* optool.h */,
				BFDD0AEA1FBEC92900183135 /* optool-headers.h */,
				BFDD0AEC1FBECD2200183135 /* optool-headers.m */,
				BFDD0AEB1FBEC93B00183135 /* optool-operations.h */,
				BFDD0AE81FBEC6B100183135 /* optool-defines.h */,
				BFDD0AE51FBEBE8800183135 /* NSData+Reading.h */,
				BFDD0AE61FBEBE8800183135 /* NSData+Reading.m */,
			);
			path = "ClutchOptool-SL";
			sourceTree = "<group>";
		};
/* End PBXGroup section */

/* Begin PBXNativeTarget section */
		BF548FC21FBAC3B7000E2151 /* Clutch-SL */ = {
			isa = PBXNativeTarget;
			buildConfigurationList = BF548FEF1FBAC3B7000E2151 /* Build configuration list for PBXNativeTarget "Clutch-SL" */;
			buildPhases = (
				BF548FBF1FBAC3B7000E2151 /* Sources */,
				BF548FC01FBAC3B7000E2151 /* Frameworks */,
				BF548FC11FBAC3B7000E2151 /* Resources */,
				BF5490051FBB2465000E2151 /* ShellScript */,
			);
			buildRules = (
			);
			dependencies = (
			);
			name = "Clutch-SL";
			productName = "Clutch-SL";
			productReference = BF548FC31FBAC3B7000E2151 /* Clutch-SL.app */;
			productType = "com.apple.product-type.application";
		};
/* End PBXNativeTarget section */

/* Begin PBXProject section */
		BF548FBB1FBAC3B7000E2151 /* Project object */ = {
			isa = PBXProject;
			attributes = {
				LastUpgradeCheck = 0910;
				ORGANIZATIONNAME = SweetLoser;
				TargetAttributes = {
					BF548FC21FBAC3B7000E2151 = {
						CreatedOnToolsVersion = 9.1;
						ProvisioningStyle = Automatic;
						SystemCapabilities = {
							com.apple.VPNLite = {
								enabled = 0;
							};
						};
					};
				};
			};
			buildConfigurationList = BF548FBE1FBAC3B7000E2151 /* Build configuration list for PBXProject "Clutch-SL" */;
			compatibilityVersion = "Xcode 8.0";
			developmentRegion = en;
			hasScannedForEncodings = 0;
			knownRegions = (
				en,
				Base,
			);
			mainGroup = BF548FBA1FBAC3B7000E2151;
			productRefGroup = BF548FC41FBAC3B7000E2151 /* Products */;
			projectDirPath = "";
			projectRoot = "";
			targets = (
				BF548FC21FBAC3B7000E2151 /* Clutch-SL */,
			);
		};
/* End PBXProject section */

/* Begin PBXResourcesBuildPhase section */
		BF548FC11FBAC3B7000E2151 /* Resources */ = {
			isa = PBXResourcesBuildPhase;
			buildActionMask = 2147483647;
			files = (
				BF5490011FBB10DC000E2151 /* Info.plist in Resources */,
			);
			runOnlyForDeploymentPostprocessing = 0;
		};
/* End PBXResourcesBuildPhase section */

/* Begin PBXShellScriptBuildPhase section */
		BF5490051FBB2465000E2151 /* ShellScript */ = {
			isa = PBXShellScriptBuildPhase;
			buildActionMask = 2147483647;
			files = (
			);
			inputPaths = (
			);
			outputPaths = (
			);
			runOnlyForDeploymentPostprocessing = 0;
			shellPath = /bin/sh;
			shellScript = "bash -xv \"${PROJECT_DIR}/Scripts-SL/Move-And-Sign.sh\"";
		};
/* End PBXShellScriptBuildPhase section */

/* Begin PBXSourcesBuildPhase section */
		BF548FBF1FBAC3B7000E2151 /* Sources */ = {
			isa = PBXSourcesBuildPhase;
			buildActionMask = 2147483647;
			files = (
				BFDD0AD11FBD5E4D00183135 /* ClutchBundle.m in Sources */,
				BFDD0ADC1FBE8BB700183135 /* ClutchBinary.m in Sources */,
				BF9F37701FBC69F9008E9FC6 /* ClutchApplicationsManager.m in Sources */,
				BF9F376C1FBC2657008E9FC6 /* ClutchCommand.m in Sources */,
				BFDD0AF31FBEE0D300183135 /* ClutchZipOperation.m in Sources */,
				BFDD0AF01FBED35200183135 /* NSFileHandle+Private.m in Sources */,
				BF548FFF1FBAEB17000E2151 /* ClutchPrint.m in Sources */,
				BFDD0AE71FBEBE8800183135 /* NSData+Reading.m in Sources */,
				BF9F37691FBC2493008E9FC6 /* ClutchCommands.m in Sources */,
				BFDD0AED1FBECD2200183135 /* optool-headers.m in Sources */,
				BF548FD61FBAC3B7000E2151 /* main.m in Sources */,
				BFDD0AE01FBEB71500183135 /* ClutchBundleDumpOperation.m in Sources */,
				BFDD0AF61FBEE3CF00183135 /* ClutchFinalizeDumpOperation.m in Sources */,
				BFDD0AD41FBD5F9900183135 /* ClutchApplication.m in Sources */,
			);
			runOnlyForDeploymentPostprocessing = 0;
		};
/* End PBXSourcesBuildPhase section */

/* Begin XCBuildConfiguration section */
		BF548FED1FBAC3B7000E2151 /* Debug */ = {
			isa = XCBuildConfiguration;
			buildSettings = {
				ALWAYS_SEARCH_USER_PATHS = NO;
				CLANG_ANALYZER_NONNULL = YES;
				CLANG_ANALYZER_NUMBER_OBJECT_CONVERSION = YES_AGGRESSIVE;
				CLANG_CXX_LANGUAGE_STANDARD = "gnu++14";
				CLANG_CXX_LIBRARY = "libc++";
				CLANG_ENABLE_MODULES = YES;
				CLANG_ENABLE_OBJC_ARC = YES;
				CLANG_WARN_BLOCK_CAPTURE_AUTORELEASING = YES;
				CLANG_WARN_BOOL_CONVERSION = YES;
				CLANG_WARN_COMMA = YES;
				CLANG_WARN_CONSTANT_CONVERSION = YES;
				CLANG_WARN_DIRECT_OBJC_ISA_USAGE = YES_ERROR;
				CLANG_WARN_DOCUMENTATION_COMMENTS = YES;
				CLANG_WARN_EMPTY_BODY = YES;
				CLANG_WARN_ENUM_CONVERSION = YES;
				CLANG_WARN_INFINITE_RECURSION = YES;
				CLANG_WARN_INT_CONVERSION = YES;
				CLANG_WARN_NON_LITERAL_NULL_CONVERSION = YES;
				CLANG_WARN_OBJC_LITERAL_CONVERSION = YES;
				CLANG_WARN_OBJC_ROOT_CLASS = YES_ERROR;
				CLANG_WARN_RANGE_LOOP_ANALYSIS = YES;
				CLANG_WARN_STRICT_PROTOTYPES = YES;
				CLANG_WARN_SUSPICIOUS_MOVE = YES;
				CLANG_WARN_UNGUARDED_AVAILABILITY = YES_AGGRESSIVE;
				CLANG_WARN_UNREACHABLE_CODE = YES;
				CLANG_WARN__DUPLICATE_METHOD_MATCH = YES;
				CODE_SIGN_IDENTITY = "iPhone Developer";
				COPY_PHASE_STRIP = NO;
				DEBUG_INFORMATION_FORMAT = dwarf;
				ENABLE_STRICT_OBJC_MSGSEND = YES;
				ENABLE_TESTABILITY = YES;
				GCC_C_LANGUAGE_STANDARD = gnu11;
				GCC_DYNAMIC_NO_PIC = NO;
				GCC_NO_COMMON_BLOCKS = YES;
				GCC_OPTIMIZATION_LEVEL = 0;
				GCC_PREPROCESSOR_DEFINITIONS = (
					"DEBUG=1",
					"$(inherited)",
				);
				GCC_WARN_64_TO_32_BIT_CONVERSION = YES;
				GCC_WARN_ABOUT_RETURN_TYPE = YES_ERROR;
				GCC_WARN_UNDECLARED_SELECTOR = YES;
				GCC_WARN_UNINITIALIZED_AUTOS = YES_AGGRESSIVE;
				GCC_WARN_UNUSED_FUNCTION = YES;
				GCC_WARN_UNUSED_VARIABLE = YES;
				IPHONEOS_DEPLOYMENT_TARGET = 11.1;
				MTL_ENABLE_DEBUG_INFO = YES;
				ONLY_ACTIVE_ARCH = YES;
				SDKROOT = iphoneos;
			};
			name = Debug;
		};
		BF548FEE1FBAC3B7000E2151 /* Release */ = {
			isa = XCBuildConfiguration;
			buildSettings = {
				ALWAYS_SEARCH_USER_PATHS = NO;
				CLANG_ANALYZER_NONNULL = YES;
				CLANG_ANALYZER_NUMBER_OBJECT_CONVERSION = YES_AGGRESSIVE;
				CLANG_CXX_LANGUAGE_STANDARD = "gnu++14";
				CLANG_CXX_LIBRARY = "libc++";
				CLANG_ENABLE_MODULES = YES;
				CLANG_ENABLE_OBJC_ARC = YES;
				CLANG_WARN_BLOCK_CAPTURE_AUTORELEASING = YES;
				CLANG_WARN_BOOL_CONVERSION = YES;
				CLANG_WARN_COMMA = YES;
				CLANG_WARN_CONSTANT_CONVERSION = YES;
				CLANG_WARN_DIRECT_OBJC_ISA_USAGE = YES_ERROR;
				CLANG_WARN_DOCUMENTATION_COMMENTS = YES;
				CLANG_WARN_EMPTY_BODY = YES;
				CLANG_WARN_ENUM_CONVERSION = YES;
				CLANG_WARN_INFINITE_RECURSION = YES;
				CLANG_WARN_INT_CONVERSION = YES;
				CLANG_WARN_NON_LITERAL_NULL_CONVERSION = YES;
				CLANG_WARN_OBJC_LITERAL_CONVERSION = YES;
				CLANG_WARN_OBJC_ROOT_CLASS = YES_ERROR;
				CLANG_WARN_RANGE_LOOP_ANALYSIS = YES;
				CLANG_WARN_STRICT_PROTOTYPES = YES;
				CLANG_WARN_SUSPICIOUS_MOVE = YES;
				CLANG_WARN_UNGUARDED_AVAILABILITY = YES_AGGRESSIVE;
				CLANG_WARN_UNREACHABLE_CODE = YES;
				CLANG_WARN__DUPLICATE_METHOD_MATCH = YES;
				CODE_SIGN_IDENTITY = "iPhone Developer";
				COPY_PHASE_STRIP = NO;
				DEBUG_INFORMATION_FORMAT = "dwarf-with-dsym";
				ENABLE_NS_ASSERTIONS = NO;
				ENABLE_STRICT_OBJC_MSGSEND = YES;
				GCC_C_LANGUAGE_STANDARD = gnu11;
				GCC_NO_COMMON_BLOCKS = YES;
				GCC_WARN_64_TO_32_BIT_CONVERSION = YES;
				GCC_WARN_ABOUT_RETURN_TYPE = YES_ERROR;
				GCC_WARN_UNDECLARED_SELECTOR = YES;
				GCC_WARN_UNINITIALIZED_AUTOS = YES_AGGRESSIVE;
				GCC_WARN_UNUSED_FUNCTION = YES;
				GCC_WARN_UNUSED_VARIABLE = YES;
				IPHONEOS_DEPLOYMENT_TARGET = 11.1;
				MTL_ENABLE_DEBUG_INFO = NO;
				SDKROOT = iphoneos;
				VALIDATE_PRODUCT = YES;
			};
			name = Release;
		};
		BF548FF01FBAC3B7000E2151 /* Debug */ = {
			isa = XCBuildConfiguration;
			buildSettings = {
				CODE_SIGN_ENTITLEMENTS = "Clutch-SL/Clutch-SL.entitlements";
				CODE_SIGN_STYLE = Automatic;
				DEVELOPMENT_TEAM = VX337297RV;
				GCC_PRECOMPILE_PREFIX_HEADER = YES;
				GCC_PREFIX_HEADER = "${SRCROOT}/Clutch-SL/Clutch-SL.pch";
				INFOPLIST_FILE = "Clutch-SL/Info.plist";
				IPHONEOS_DEPLOYMENT_TARGET = 8.0;
				LD_RUNPATH_SEARCH_PATHS = "$(inherited) @executable_path/Frameworks";
				PRODUCT_BUNDLE_IDENTIFIER = "zxx.Clutch-SL";
				PRODUCT_NAME = "$(TARGET_NAME)";
				TARGETED_DEVICE_FAMILY = "1,2";
			};
			name = Debug;
		};
		BF548FF11FBAC3B7000E2151 /* Release */ = {
			isa = XCBuildConfiguration;
			buildSettings = {
				CODE_SIGN_ENTITLEMENTS = "Clutch-SL/Clutch-SL.entitlements";
				CODE_SIGN_STYLE = Automatic;
				DEVELOPMENT_TEAM = VX337297RV;
				GCC_PRECOMPILE_PREFIX_HEADER = YES;
				GCC_PREFIX_HEADER = "${SRCROOT}/Clutch-SL/Clutch-SL.pch";
				INFOPLIST_FILE = "Clutch-SL/Info.plist";
				IPHONEOS_DEPLOYMENT_TARGET = 8.0;
				LD_RUNPATH_SEARCH_PATHS = "$(inherited) @executable_path/Frameworks";
				PRODUCT_BUNDLE_IDENTIFIER = "zxx.Clutch-SL";
				PRODUCT_NAME = "$(TARGET_NAME)";
				TARGETED_DEVICE_FAMILY = "1,2";
			};
			name = Release;
		};
/* End XCBuildConfiguration section */

/* Begin XCConfigurationList section */
		BF548FBE1FBAC3B7000E2151 /* Build configuration list for PBXProject "Clutch-SL" */ = {
			isa = XCConfigurationList;
			buildConfigurations = (
				BF548FED1FBAC3B7000E2151 /* Debug */,
				BF548FEE1FBAC3B7000E2151 /* Release */,
			);
			defaultConfigurationIsVisible = 0;
			defaultConfigurationName = Release;
		};
		BF548FEF1FBAC3B7000E2151 /* Build configuration list for PBXNativeTarget "Clutch-SL" */ = {
			isa = XCConfigurationList;
			buildConfigurations = (
				BF548FF01FBAC3B7000E2151 /* Debug */,
				BF548FF11FBAC3B7000E2151 /* Release */,
			);
			defaultConfigurationIsVisible = 0;
			defaultConfigurationName = Release;
		};
/* End XCConfigurationList section */
	};
	rootObject = BF548FBB1FBAC3B7000E2151 /* Project object */;
}
